{"format_version":"1.2","terraform_version":"1.5.7","variables":{"aws_region":{"value":"ap-southeast-2"},"default_ec2_tags":{"value":{"Contact":"svk@example.com","Environment":"Demo","Owner":"svk@orca.security","SupportTeam":"ANZSE"}},"instance_type_linux_server":{"value":"t2.micro"},"key_name":{"value":"svk-keypair-f5"},"name-prefix":{"value":"svk"},"project":{"value":"scaffold"},"vpc-a_cidr_block":{"value":"10.100.0.0/16"},"vpc-a_subnet_1":{"value":"10.100.1.0/24"},"vpc-a_subnet_2":{"value":"10.100.2.0/24"},"vpc-a_subnet_3":{"value":"10.100.3.0/24"},"vpc-a_subnet_4":{"value":"10.100.4.0/24"}},"planned_values":{"root_module":{"resources":[{"address":"aws_internet_gateway.vpc-a_igw","mode":"managed","type":"aws_internet_gateway","name":"vpc-a_igw","provider_name":"registry.terraform.io/hashicorp/aws","schema_version":0,"values":{"tags":{"Contact":"svk@example.com","Environment":"Demo","Name":"svk-scaffold-vpc-a-igw-tf","Owner":"svk@orca.security","SupportTeam":"ANZSE","app_type":"production"},"tags_all":{"Contact":"svk@example.com","Environment":"Demo","Name":"svk-scaffold-vpc-a-igw-tf","Owner":"svk@orca.security","SupportTeam":"ANZSE","app_type":"production"},"timeouts":null},"sensitive_values":{"tags":{},"tags_all":{}}},{"address":"aws_route_table.vpc-a-route-table-tf","mode":"managed","type":"aws_route_table","name":"vpc-a-route-table-tf","provider_name":"registry.terraform.io/hashicorp/aws","schema_version":0,"values":{"route":[{"carrier_gateway_id":"","cidr_block":"0.0.0.0/0","core_network_arn":"","destination_prefix_list_id":"","egress_only_gateway_id":"","ipv6_cidr_block":"","local_gateway_id":"","nat_gateway_id":"","network_interface_id":"","transit_gateway_id":"","vpc_endpoint_id":"","vpc_peering_connection_id":""}],"tags":{"Contact":"svk@example.com","Environment":"Demo","Name":"svk-scaffold-vpc-a-rt-tf","Owner":"svk@orca.security","SupportTeam":"ANZSE","app_type":"production"},"tags_all":{"Contact":"svk@example.com","Environment":"Demo","Name":"svk-scaffold-vpc-a-rt-tf","Owner":"svk@orca.security","SupportTeam":"ANZSE","app_type":"production"},"timeouts":null},"sensitive_values":{"propagating_vgws":[],"route":[{}],"tags":{},"tags_all":{}}},{"address":"aws_route_table_association.vpc-a_subnet_1","mode":"managed","type":"aws_route_table_association","name":"vpc-a_subnet_1","provider_name":"registry.terraform.io/hashicorp/aws","schema_version":0,"values":{"gateway_id":null,"timeouts":null},"sensitive_values":{}},{"address":"aws_security_group.invalid","mode":"managed","type":"aws_security_group","name":"invalid","provider_name":"registry.terraform.io/hashicorp/aws","schema_version":1,"values":{"description":"invalid Orca","egress":[{"cidr_blocks":["0.0.0.0/0"],"description":"","from_port":0,"ipv6_cidr_blocks":["::/0"],"prefix_list_ids":[],"protocol":"-1","security_groups":[],"self":false,"to_port":0}],"ingress":[{"cidr_blocks":["0.0.0.0/0"],"description":"invalid Orca","from_port":443,"ipv6_cidr_blocks":[],"prefix_list_ids":[],"protocol":"tcp","security_groups":[],"self":false,"to_port":443}],"name":"invalid Orca","revoke_rules_on_delete":false,"tags":{"Name":"invalid Orca"},"tags_all":{"Name":"invalid Orca"},"timeouts":null},"sensitive_values":{"egress":[{"cidr_blocks":[false],"ipv6_cidr_blocks":[false],"prefix_list_ids":[],"security_groups":[]}],"ingress":[{"cidr_blocks":[false],"ipv6_cidr_blocks":[],"prefix_list_ids":[],"security_groups":[]}],"tags":{},"tags_all":{}}},{"address":"aws_subnet.vpc-a_subnet_1","mode":"managed","type":"aws_subnet","name":"vpc-a_subnet_1","provider_name":"registry.terraform.io/hashicorp/aws","schema_version":1,"values":{"assign_ipv6_address_on_creation":false,"availability_zone":"ap-southeast-2a","cidr_block":"10.100.1.0/24","customer_owned_ipv4_pool":null,"enable_dns64":false,"enable_lni_at_device_index":null,"enable_resource_name_dns_a_record_on_launch":false,"enable_resource_name_dns_aaaa_record_on_launch":false,"ipv6_cidr_block":null,"ipv6_native":false,"map_customer_owned_ip_on_launch":null,"map_public_ip_on_launch":true,"outpost_arn":null,"tags":{"Contact":"svk@example.com","Environment":"Demo","Name":"svk-scaffold-vpc-a-subnet_1-tf","Owner":"svk@orca.security","SupportTeam":"ANZSE","app_type":"production"},"tags_all":{"Contact":"svk@example.com","Environment":"Demo","Name":"svk-scaffold-vpc-a-subnet_1-tf","Owner":"svk@orca.security","SupportTeam":"ANZSE","app_type":"production"},"timeouts":null},"sensitive_values":{"tags":{},"tags_all":{}}},{"address":"aws_vpc.vpc-a","mode":"managed","type":"aws_vpc","name":"vpc-a","provider_name":"registry.terraform.io/hashicorp/aws","schema_version":1,"values":{"assign_generated_ipv6_cidr_block":null,"cidr_block":"10.100.0.0/16","enable_dns_hostnames":true,"enable_dns_support":true,"instance_tenancy":"default","ipv4_ipam_pool_id":null,"ipv4_netmask_length":null,"ipv6_ipam_pool_id":null,"ipv6_netmask_length":null,"tags":{"Contact":"svk@example.com","Environment":"Demo","Name":"svk-scaffold-vpc-a","Owner":"svk@orca.security","SupportTeam":"ANZSE","app_type":"production"},"tags_all":{"Contact":"svk@example.com","Environment":"Demo","Name":"svk-scaffold-vpc-a","Owner":"svk@orca.security","SupportTeam":"ANZSE","app_type":"production"}},"sensitive_values":{"tags":{},"tags_all":{}}}]}},"resource_changes":[{"address":"aws_internet_gateway.vpc-a_igw","mode":"managed","type":"aws_internet_gateway","name":"vpc-a_igw","provider_name":"registry.terraform.io/hashicorp/aws","change":{"actions":["create"],"before":null,"after":{"tags":{"Contact":"svk@example.com","Environment":"Demo","Name":"svk-scaffold-vpc-a-igw-tf","Owner":"svk@orca.security","SupportTeam":"ANZSE","app_type":"production"},"tags_all":{"Contact":"svk@example.com","Environment":"Demo","Name":"svk-scaffold-vpc-a-igw-tf","Owner":"svk@orca.security","SupportTeam":"ANZSE","app_type":"production"},"timeouts":null},"after_unknown":{"arn":true,"id":true,"owner_id":true,"tags":{},"tags_all":{},"vpc_id":true},"before_sensitive":false,"after_sensitive":{"tags":{},"tags_all":{}}}},{"address":"aws_route_table.vpc-a-route-table-tf","mode":"managed","type":"aws_route_table","name":"vpc-a-route-table-tf","provider_name":"registry.terraform.io/hashicorp/aws","change":{"actions":["create"],"before":null,"after":{"route":[{"carrier_gateway_id":"","cidr_block":"0.0.0.0/0","core_network_arn":"","destination_prefix_list_id":"","egress_only_gateway_id":"","ipv6_cidr_block":"","local_gateway_id":"","nat_gateway_id":"","network_interface_id":"","transit_gateway_id":"","vpc_endpoint_id":"","vpc_peering_connection_id":""}],"tags":{"Contact":"svk@example.com","Environment":"Demo","Name":"svk-scaffold-vpc-a-rt-tf","Owner":"svk@orca.security","SupportTeam":"ANZSE","app_type":"production"},"tags_all":{"Contact":"svk@example.com","Environment":"Demo","Name":"svk-scaffold-vpc-a-rt-tf","Owner":"svk@orca.security","SupportTeam":"ANZSE","app_type":"production"},"timeouts":null},"after_unknown":{"arn":true,"id":true,"owner_id":true,"propagating_vgws":true,"route":[{"gateway_id":true}],"tags":{},"tags_all":{},"vpc_id":true},"before_sensitive":false,"after_sensitive":{"propagating_vgws":[],"route":[{}],"tags":{},"tags_all":{}}}},{"address":"aws_route_table_association.vpc-a_subnet_1","mode":"managed","type":"aws_route_table_association","name":"vpc-a_subnet_1","provider_name":"registry.terraform.io/hashicorp/aws","change":{"actions":["create"],"before":null,"after":{"gateway_id":null,"timeouts":null},"after_unknown":{"id":true,"route_table_id":true,"subnet_id":true},"before_sensitive":false,"after_sensitive":{}}},{"address":"aws_security_group.invalid","mode":"managed","type":"aws_security_group","name":"invalid","provider_name":"registry.terraform.io/hashicorp/aws","change":{"actions":["create"],"before":null,"after":{"description":"invalid Orca","egress":[{"cidr_blocks":["0.0.0.0/0"],"description":"","from_port":0,"ipv6_cidr_blocks":["::/0"],"prefix_list_ids":[],"protocol":"-1","security_groups":[],"self":false,"to_port":0}],"ingress":[{"cidr_blocks":["0.0.0.0/0"],"description":"invalid Orca","from_port":443,"ipv6_cidr_blocks":[],"prefix_list_ids":[],"protocol":"tcp","security_groups":[],"self":false,"to_port":443}],"name":"invalid Orca","revoke_rules_on_delete":false,"tags":{"Name":"invalid Orca"},"tags_all":{"Name":"invalid Orca"},"timeouts":null},"after_unknown":{"arn":true,"egress":[{"cidr_blocks":[false],"ipv6_cidr_blocks":[false],"prefix_list_ids":[],"security_groups":[]}],"id":true,"ingress":[{"cidr_blocks":[false],"ipv6_cidr_blocks":[],"prefix_list_ids":[],"security_groups":[]}],"name_prefix":true,"owner_id":true,"tags":{},"tags_all":{},"vpc_id":true},"before_sensitive":false,"after_sensitive":{"egress":[{"cidr_blocks":[false],"ipv6_cidr_blocks":[false],"prefix_list_ids":[],"security_groups":[]}],"ingress":[{"cidr_blocks":[false],"ipv6_cidr_blocks":[],"prefix_list_ids":[],"security_groups":[]}],"tags":{},"tags_all":{}}}},{"address":"aws_subnet.vpc-a_subnet_1","mode":"managed","type":"aws_subnet","name":"vpc-a_subnet_1","provider_name":"registry.terraform.io/hashicorp/aws","change":{"actions":["create"],"before":null,"after":{"assign_ipv6_address_on_creation":false,"availability_zone":"ap-southeast-2a","cidr_block":"10.100.1.0/24","customer_owned_ipv4_pool":null,"enable_dns64":false,"enable_lni_at_device_index":null,"enable_resource_name_dns_a_record_on_launch":false,"enable_resource_name_dns_aaaa_record_on_launch":false,"ipv6_cidr_block":null,"ipv6_native":false,"map_customer_owned_ip_on_launch":null,"map_public_ip_on_launch":true,"outpost_arn":null,"tags":{"Contact":"svk@example.com","Environment":"Demo","Name":"svk-scaffold-vpc-a-subnet_1-tf","Owner":"svk@orca.security","SupportTeam":"ANZSE","app_type":"production"},"tags_all":{"Contact":"svk@example.com","Environment":"Demo","Name":"svk-scaffold-vpc-a-subnet_1-tf","Owner":"svk@orca.security","SupportTeam":"ANZSE","app_type":"production"},"timeouts":null},"after_unknown":{"arn":true,"availability_zone_id":true,"id":true,"ipv6_cidr_block_association_id":true,"owner_id":true,"private_dns_hostname_type_on_launch":true,"tags":{},"tags_all":{},"vpc_id":true},"before_sensitive":false,"after_sensitive":{"tags":{},"tags_all":{}}}},{"address":"aws_vpc.vpc-a","mode":"managed","type":"aws_vpc","name":"vpc-a","provider_name":"registry.terraform.io/hashicorp/aws","change":{"actions":["create"],"before":null,"after":{"assign_generated_ipv6_cidr_block":null,"cidr_block":"10.100.0.0/16","enable_dns_hostnames":true,"enable_dns_support":true,"instance_tenancy":"default","ipv4_ipam_pool_id":null,"ipv4_netmask_length":null,"ipv6_ipam_pool_id":null,"ipv6_netmask_length":null,"tags":{"Contact":"svk@example.com","Environment":"Demo","Name":"svk-scaffold-vpc-a","Owner":"svk@orca.security","SupportTeam":"ANZSE","app_type":"production"},"tags_all":{"Contact":"svk@example.com","Environment":"Demo","Name":"svk-scaffold-vpc-a","Owner":"svk@orca.security","SupportTeam":"ANZSE","app_type":"production"}},"after_unknown":{"arn":true,"default_network_acl_id":true,"default_route_table_id":true,"default_security_group_id":true,"dhcp_options_id":true,"enable_network_address_usage_metrics":true,"id":true,"ipv6_association_id":true,"ipv6_cidr_block":true,"ipv6_cidr_block_network_border_group":true,"main_route_table_id":true,"owner_id":true,"tags":{},"tags_all":{}},"before_sensitive":false,"after_sensitive":{"tags":{},"tags_all":{}}}}],"configuration":{"provider_config":{"aws":{"name":"aws","full_name":"registry.terraform.io/hashicorp/aws","expressions":{"profile":{"constant_value":"default"},"region":{"references":["var.aws_region"]}}}},"root_module":{"resources":[{"address":"aws_internet_gateway.vpc-a_igw","mode":"managed","type":"aws_internet_gateway","name":"vpc-a_igw","provider_config_key":"aws","expressions":{"tags":{"references":["var.name-prefix","var.project","var.default_ec2_tags"]},"vpc_id":{"references":["aws_vpc.vpc-a.id","aws_vpc.vpc-a"]}},"schema_version":0},{"address":"aws_route_table.vpc-a-route-table-tf","mode":"managed","type":"aws_route_table","name":"vpc-a-route-table-tf","provider_config_key":"aws","expressions":{"route":{"references":["aws_internet_gateway.vpc-a_igw.id","aws_internet_gateway.vpc-a_igw"]},"tags":{"references":["var.name-prefix","var.project","var.default_ec2_tags"]},"vpc_id":{"references":["aws_vpc.vpc-a.id","aws_vpc.vpc-a"]}},"schema_version":0},{"address":"aws_route_table_association.vpc-a_subnet_1","mode":"managed","type":"aws_route_table_association","name":"vpc-a_subnet_1","provider_config_key":"aws","expressions":{"route_table_id":{"references":["aws_route_table.vpc-a-route-table-tf.id","aws_route_table.vpc-a-route-table-tf"]},"subnet_id":{"references":["aws_subnet.vpc-a_subnet_1.id","aws_subnet.vpc-a_subnet_1"]}},"schema_version":0},{"address":"aws_security_group.invalid","mode":"managed","type":"aws_security_group","name":"invalid","provider_config_key":"aws","expressions":{"description":{"constant_value":"invalid Orca"},"egress":{"constant_value":[{"cidr_blocks":["0.0.0.0/0"],"description":null,"from_port":0,"ipv6_cidr_blocks":["::/0"],"prefix_list_ids":null,"protocol":"-1","security_groups":null,"self":null,"to_port":0}]},"ingress":{"constant_value":[{"cidr_blocks":["0.0.0.0/0"],"description":"invalid Orca","from_port":443,"ipv6_cidr_blocks":null,"prefix_list_ids":null,"protocol":"tcp","security_groups":null,"self":null,"to_port":443}]},"name":{"constant_value":"invalid Orca"},"tags":{"constant_value":{"Name":"invalid Orca"}},"vpc_id":{"references":["aws_vpc.vpc-a.id","aws_vpc.vpc-a"]}},"schema_version":1},{"address":"aws_subnet.vpc-a_subnet_1","mode":"managed","type":"aws_subnet","name":"vpc-a_subnet_1","provider_config_key":"aws","expressions":{"availability_zone":{"references":["var.aws_region"]},"cidr_block":{"references":["var.vpc-a_subnet_1"]},"map_public_ip_on_launch":{"constant_value":"true"},"tags":{"references":["var.name-prefix","var.project","var.default_ec2_tags"]},"vpc_id":{"references":["aws_vpc.vpc-a.id","aws_vpc.vpc-a"]}},"schema_version":1},{"address":"aws_vpc.vpc-a","mode":"managed","type":"aws_vpc","name":"vpc-a","provider_config_key":"aws","expressions":{"cidr_block":{"references":["var.vpc-a_cidr_block"]},"enable_dns_hostnames":{"constant_value":"true"},"enable_dns_support":{"constant_value":"true"},"instance_tenancy":{"constant_value":"default"},"tags":{"references":["var.name-prefix","var.project","var.default_ec2_tags"]}},"schema_version":1}],"variables":{"aws_region":{"default":"ap-southeast-2"},"default_ec2_tags":{"default":{"Contact":"svk@example.com","Environment":"Demo","Owner":"svk@orca.security","SupportTeam":"ANZSE"},"description":"Default set of tags to apply to EC2 instances"},"instance_type_linux_server":{"default":"t2.micro"},"key_name":{"default":"svk-keypair-f5"},"name-prefix":{"default":"svk"},"project":{"default":"scaffold"},"vpc-a_cidr_block":{"default":"10.100.0.0/16"},"vpc-a_subnet_1":{"default":"10.100.1.0/24"},"vpc-a_subnet_2":{"default":"10.100.2.0/24"},"vpc-a_subnet_3":{"default":"10.100.3.0/24"},"vpc-a_subnet_4":{"default":"10.100.4.0/24"}}}},"relevant_attributes":[{"resource":"aws_vpc.vpc-a","attribute":["id"]},{"resource":"aws_internet_gateway.vpc-a_igw","attribute":["id"]},{"resource":"aws_subnet.vpc-a_subnet_1","attribute":["id"]},{"resource":"aws_route_table.vpc-a-route-table-tf","attribute":["id"]}],"timestamp":"2024-02-28T09:26:37Z"}
